
Microsoft Visual Studio Solution File, Format Version 10.00
# Visual Studio 2008
Project("{E24C65DC-7377-472B-9ABA-BC803B73C61A}") = "AjaxClientWebSite", "AjaxClientWebSite", "{31C2BB62-6E66-4E5D-A394-9CD8CE66B5DC}"
	ProjectSection(WebsiteProperties) = preProject
		TargetFramework = "3.5"
		Debug.AspNetCompiler.VirtualPath = "/AjaxClientWebSite"
		Debug.AspNetCompiler.PhysicalPath = "C:\dd\AjaxLibrary\SampleWebSites\AjaxClientWebSite\"
		Debug.AspNetCompiler.TargetPath = "PrecompiledWeb\AjaxClientWebSite\"
		Debug.AspNetCompiler.Updateable = "true"
		Debug.AspNetCompiler.ForceOverwrite = "true"
		Debug.AspNetCompiler.FixedNames = "false"
		Debug.AspNetCompiler.Debug = "True"
		Release.AspNetCompiler.VirtualPath = "/AjaxClientWebSite"
		Release.AspNetCompiler.PhysicalPath = "C:\dd\AjaxLibrary\SampleWebSites\AjaxClientWebSite\"
		Release.AspNetCompiler.TargetPath = "PrecompiledWeb\AjaxClientWebSite\"
		Release.AspNetCompiler.Updateable = "true"
		Release.AspNetCompiler.ForceOverwrite = "true"
		Release.AspNetCompiler.FixedNames = "false"
		Release.AspNetCompiler.Debug = "False"
		VWDPort = "15896"
	EndProjectSection
EndProject
Project("{E24C65DC-7377-472B-9ABA-BC803B73C61A}") = "AjaxControlToolkitWebSite", "AjaxControlToolkitWebSite", "{26F283C2-19A2-4C25-B6AE-31E918F15C50}"
	ProjectSection(WebsiteProperties) = preProject
		TargetFramework = "3.5"
		Debug.AspNetCompiler.VirtualPath = "/AjaxControlToolkitWebSite"
		Debug.AspNetCompiler.PhysicalPath = "C:\dd\AjaxLibrary\SampleWebSites\AjaxControlToolkitWebSite\"
		Debug.AspNetCompiler.TargetPath = "PrecompiledWeb\AjaxControlToolkitWebSite\"
		Debug.AspNetCompiler.Updateable = "true"
		Debug.AspNetCompiler.ForceOverwrite = "true"
		Debug.AspNetCompiler.FixedNames = "false"
		Debug.AspNetCompiler.Debug = "True"
		Release.AspNetCompiler.VirtualPath = "/AjaxControlToolkitWebSite"
		Release.AspNetCompiler.PhysicalPath = "C:\dd\AjaxLibrary\SampleWebSites\AjaxControlToolkitWebSite\"
		Release.AspNetCompiler.TargetPath = "PrecompiledWeb\AjaxControlToolkitWebSite\"
		Release.AspNetCompiler.Updateable = "true"
		Release.AspNetCompiler.ForceOverwrite = "true"
		Release.AspNetCompiler.FixedNames = "false"
		Release.AspNetCompiler.Debug = "False"
		VWDPort = "15935"
	EndProjectSection
EndProject
Global
	GlobalSection(SolutionConfigurationPlatforms) = preSolution
		Debug|Any CPU = Debug|Any CPU
	EndGlobalSection
	GlobalSection(ProjectConfigurationPlatforms) = postSolution
		{31C2BB62-6E66-4E5D-A394-9CD8CE66B5DC}.Debug|Any CPU.ActiveCfg = Debug|Any CPU
		{31C2BB62-6E66-4E5D-A394-9CD8CE66B5DC}.Debug|Any CPU.Build.0 = Debug|Any CPU
		{26F283C2-19A2-4C25-B6AE-31E918F15C50}.Debug|Any CPU.ActiveCfg = Debug|Any CPU
		{26F283C2-19A2-4C25-B6AE-31E918F15C50}.Debug|Any CPU.Build.0 = Debug|Any CPU
	EndGlobalSection
	GlobalSection(SolutionProperties) = preSolution
		HideSolutionNode = FALSE
	EndGlobalSection
EndGlobal
