Microsoft Visual Studio Solution File, Format Version 12.00
# Visual Studio 2012
Project("{2150E333-8FDC-42A3-9474-1A3956D46DE8}") = "Server", "Server", "{1456D281-F6C5-419E-AA86-3A8DDE2959F2}"
EndProject
Project("{2150E333-8FDC-42A3-9474-1A3956D46DE8}") = "Client", "Client", "{6E847E97-5F3E-45BF-8090-C8E2FBE6BB0E}"
EndProject
Project("{2150E333-8FDC-42A3-9474-1A3956D46DE8}") = "Tests", "Tests", "{CEBFF646-7838-40C1-9592-4D4E14B840CD}"
EndProject
Project("{2150E333-8FDC-42A3-9474-1A3956D46DE8}") = "SampleWebSites", "SampleWebSites", "{38398AD9-651C-45F1-954A-F7E898CA65B8}"
EndProject
Project("{2150E333-8FDC-42A3-9474-1A3956D46DE8}") = "ScriptOutput", "ScriptOutput", "{B9D29E6E-D3FA-4F10-B286-813E71F91F4B}"
EndProject
Project("{2150E333-8FDC-42A3-9474-1A3956D46DE8}") = "Tests", "Tests", "{AA6C13E1-48A0-42F1-942F-0CE841010293}"
EndProject
Project("{2150E333-8FDC-42A3-9474-1A3956D46DE8}") = "Setup", "Setup", "{8EA6EE5D-208D-476A-8E08-CE061823F7A1}"
EndProject
Project("{2150E333-8FDC-42A3-9474-1A3956D46DE8}") = "Tests", "Tests", "{9739E455-9268-4CD8-8A48-4598E90D2E08}"
EndProject
Project("{2150E333-8FDC-42A3-9474-1A3956D46DE8}") = "Tools", "Tools", "{1CDF1621-D387-472A-993F-A798A5FE1FBC}"
EndProject
Project("{2150E333-8FDC-42A3-9474-1A3956D46DE8}") = "SolutionItems", "SolutionItems", "{F8723467-F61D-44AA-9084-1B99B75A14A6}"
	ProjectSection(SolutionItems) = preProject
		AjaxControlToolkit.vsmdi = AjaxControlToolkit.vsmdi
		AjaxExtended.snk = AjaxExtended.snk
		AjaxKey.snk = AjaxKey.snk
		AjaxMin.dll = AjaxMin.dll
		AjaxMinTask.dll = AjaxMinTask.dll
		LICENSE.txt = LICENSE.txt
		Local.testsettings = Local.testsettings
		ReadMe.html = ReadMe.html
		TraceAndTestImpact.testsettings = TraceAndTestImpact.testsettings
	EndProjectSection
EndProject
Project("{FAE04EC0-301F-11D3-BF4B-00C04F79EFBC}") = "MicrosoftAjax.VS2012", "Client\MicrosoftAjax\MicrosoftAjax.VS2012.csproj", "{7FA86C0D-EDB4-4926-B0B3-1A0D3C7008C6}"
EndProject
Project("{FAE04EC0-301F-11D3-BF4B-00C04F79EFBC}") = "MicrosoftAjax.Extended.VS2012", "Client\MicrosoftAjax.Extended\MicrosoftAjax.Extended.VS2012.csproj", "{3163BBDB-0D46-4598-BC45-AF45871E0DE0}"
EndProject
Project("{FAE04EC0-301F-11D3-BF4B-00C04F79EFBC}") = "UnitTests.VS2012", "Client\UnitTests\UnitTests.VS2012.csproj", "{392073F1-6DB8-4778-9225-D60735C249AA}"
EndProject
Project("{E24C65DC-7377-472B-9ABA-BC803B73C61A}") = "AjaxClientWebSite", "SampleWebSites\AjaxClientWebSite\", "{383EB4DB-9973-4931-8017-A439FB8F126D}"
	ProjectSection(WebsiteProperties) = preProject
		Debug.AspNetCompiler.Debug = "True"
		Debug.AspNetCompiler.FixedNames = "false"
		Debug.AspNetCompiler.ForceOverwrite = "true"
		Debug.AspNetCompiler.PhysicalPath = "SampleWebSites\AjaxClientWebSite\"
		Debug.AspNetCompiler.TargetPath = "PrecompiledWeb\AjaxClientWebSite\"
		Debug.AspNetCompiler.Updateable = "true"
		Debug.AspNetCompiler.VirtualPath = "/AjaxClientWebSite"
		Release.AspNetCompiler.Debug = "False"
		Release.AspNetCompiler.FixedNames = "false"
		Release.AspNetCompiler.ForceOverwrite = "true"
		Release.AspNetCompiler.PhysicalPath = "SampleWebSites\AjaxClientWebSite\"
		Release.AspNetCompiler.TargetPath = "PrecompiledWeb\AjaxClientWebSite\"
		Release.AspNetCompiler.Updateable = "true"
		Release.AspNetCompiler.VirtualPath = "/AjaxClientWebSite"
		TargetFrameworkMoniker = ".NETFramework,Version%3Dv4.0"
		VWDPort = "45879"
	EndProjectSection
EndProject
Project("{E24C65DC-7377-472B-9ABA-BC803B73C61A}") = "AjaxControlToolkitSampleSite", "SampleWebSites\AjaxControlToolkitSampleSite\", "{798D9160-5CAA-453A-94BA-99186169DA75}"
	ProjectSection(WebsiteProperties) = preProject
		Debug.AspNetCompiler.Debug = "True"
		Debug.AspNetCompiler.FixedNames = "false"
		Debug.AspNetCompiler.ForceOverwrite = "true"
		Debug.AspNetCompiler.PhysicalPath = "SampleWebSites\AjaxControlToolkitSampleSite\"
		Debug.AspNetCompiler.TargetPath = "PrecompiledWeb\AjaxControlToolkitSampleSite\"
		Debug.AspNetCompiler.Updateable = "true"
		Debug.AspNetCompiler.VirtualPath = "/AjaxControlToolkitSampleSite"
		Release.AspNetCompiler.Debug = "False"
		Release.AspNetCompiler.FixedNames = "false"
		Release.AspNetCompiler.ForceOverwrite = "true"
		Release.AspNetCompiler.PhysicalPath = "SampleWebSites\AjaxControlToolkitSampleSite\"
		Release.AspNetCompiler.TargetPath = "PrecompiledWeb\AjaxControlToolkitSampleSite\"
		Release.AspNetCompiler.Updateable = "true"
		Release.AspNetCompiler.VirtualPath = "/AjaxControlToolkitSampleSite"
		TargetFrameworkMoniker = ".NETFramework,Version%3Dv4.0"
		VWDPort = "45882"
	EndProjectSection
EndProject
Project("{FAE04EC0-301F-11D3-BF4B-00C04F79EFBC}") = "UnitTests.VS2012", "Server\Tests\UnitTests\UnitTests.VS2012.csproj", "{84EEC471-6141-461A-A1A8-DD57343A2C56}"
EndProject
Project("{E24C65DC-7377-472B-9ABA-BC803B73C61A}") = "FunctionalTests", "Server\Tests\FunctionalTests\", "{05B9F0C9-290D-4B53-A9A8-B019DA8F52E6}"
	ProjectSection(WebsiteProperties) = preProject
		Debug.AspNetCompiler.Debug = "True"
		Debug.AspNetCompiler.FixedNames = "false"
		Debug.AspNetCompiler.ForceOverwrite = "true"
		Debug.AspNetCompiler.PhysicalPath = "Server\Tests\FunctionalTests\"
		Debug.AspNetCompiler.TargetPath = "PrecompiledWeb\FunctionalTests\"
		Debug.AspNetCompiler.Updateable = "true"
		Debug.AspNetCompiler.VirtualPath = "/FunctionalTests"
		Release.AspNetCompiler.Debug = "False"
		Release.AspNetCompiler.FixedNames = "false"
		Release.AspNetCompiler.ForceOverwrite = "true"
		Release.AspNetCompiler.PhysicalPath = "Server\Tests\FunctionalTests\"
		Release.AspNetCompiler.TargetPath = "PrecompiledWeb\FunctionalTests\"
		Release.AspNetCompiler.Updateable = "true"
		Release.AspNetCompiler.VirtualPath = "/FunctionalTests"
		SccAuxPath = ""
		SccLocalPath = ""
		SccProjectName = ""
		SccProvider = ""
		TargetFrameworkMoniker = ".NETFramework,Version%3Dv4.0"
		VWDPort = "45876"
	EndProjectSection
EndProject
Project("{FAE04EC0-301F-11D3-BF4B-00C04F79EFBC}") = "AjaxControlToolkit.VS2012", "Server\AjaxControlToolkit\AjaxControlToolkit.VS2012.csproj", "{47CCFE55-0F75-4103-B535-86049EAD23B3}"
EndProject
Project("{FAE04EC0-301F-11D3-BF4B-00C04F79EFBC}") = "SanitizerProviders.VS2012", "Server\SanitizerProviders\SanitizerProviders.VS2012.csproj", "{62BE9AF6-7341-4742-BD6C-24E1B8A12444}"
EndProject
Project("{FAE04EC0-301F-11D3-BF4B-00C04F79EFBC}") = "JSBuild.VS2012", "Tools\JSBuild\JSBuild.VS2012.csproj", "{F2D3A60E-968C-477F-83A6-50BB21366F7A}"
EndProject
Project("{FAE04EC0-301F-11D3-BF4B-00C04F79EFBC}") = "AjaxControlToolkit.Tests.VS2012", "Tests\AjaxControlToolkit.Tests\AjaxControlToolkit.Tests.VS2012.csproj", "{C45AE222-2E8F-4D7F-9E56-27EC54A8E233}"
EndProject
Global
	GlobalSection(SolutionConfigurationPlatforms) = preSolution
		Debug|Any CPU = Debug|Any CPU
		Release|Any CPU = Release|Any CPU
	EndGlobalSection
	GlobalSection(ProjectConfigurationPlatforms) = postSolution
		{05B9F0C9-290D-4B53-A9A8-B019DA8F52E6}.Debug|Any CPU.ActiveCfg = Debug|Any CPU
		{05B9F0C9-290D-4B53-A9A8-B019DA8F52E6}.Debug|Any CPU.Build.0 = Debug|Any CPU
		{05B9F0C9-290D-4B53-A9A8-B019DA8F52E6}.Release|Any CPU.ActiveCfg = Debug|Any CPU
		{05B9F0C9-290D-4B53-A9A8-B019DA8F52E6}.Release|Any CPU.Build.0 = Debug|Any CPU
		{3163BBDB-0D46-4598-BC45-AF45871E0DE0}.Debug|Any CPU.ActiveCfg = Debug|Any CPU
		{3163BBDB-0D46-4598-BC45-AF45871E0DE0}.Debug|Any CPU.Build.0 = Debug|Any CPU
		{3163BBDB-0D46-4598-BC45-AF45871E0DE0}.Release|Any CPU.ActiveCfg = Release|Any CPU
		{3163BBDB-0D46-4598-BC45-AF45871E0DE0}.Release|Any CPU.Build.0 = Release|Any CPU
		{383EB4DB-9973-4931-8017-A439FB8F126D}.Debug|Any CPU.ActiveCfg = Debug|Any CPU
		{383EB4DB-9973-4931-8017-A439FB8F126D}.Debug|Any CPU.Build.0 = Debug|Any CPU
		{383EB4DB-9973-4931-8017-A439FB8F126D}.Release|Any CPU.ActiveCfg = Debug|Any CPU
		{383EB4DB-9973-4931-8017-A439FB8F126D}.Release|Any CPU.Build.0 = Debug|Any CPU
		{392073F1-6DB8-4778-9225-D60735C249AA}.Debug|Any CPU.ActiveCfg = Debug|Any CPU
		{392073F1-6DB8-4778-9225-D60735C249AA}.Debug|Any CPU.Build.0 = Debug|Any CPU
		{392073F1-6DB8-4778-9225-D60735C249AA}.Release|Any CPU.ActiveCfg = Release|Any CPU
		{392073F1-6DB8-4778-9225-D60735C249AA}.Release|Any CPU.Build.0 = Release|Any CPU
		{47CCFE55-0F75-4103-B535-86049EAD23B3}.Debug|Any CPU.ActiveCfg = Debug|Any CPU
		{47CCFE55-0F75-4103-B535-86049EAD23B3}.Debug|Any CPU.Build.0 = Debug|Any CPU
		{47CCFE55-0F75-4103-B535-86049EAD23B3}.Release|Any CPU.ActiveCfg = Release|Any CPU
		{47CCFE55-0F75-4103-B535-86049EAD23B3}.Release|Any CPU.Build.0 = Release|Any CPU
		{62BE9AF6-7341-4742-BD6C-24E1B8A12444}.Debug|Any CPU.ActiveCfg = Debug|Any CPU
		{62BE9AF6-7341-4742-BD6C-24E1B8A12444}.Debug|Any CPU.Build.0 = Debug|Any CPU
		{62BE9AF6-7341-4742-BD6C-24E1B8A12444}.Release|Any CPU.ActiveCfg = Release|Any CPU
		{62BE9AF6-7341-4742-BD6C-24E1B8A12444}.Release|Any CPU.Build.0 = Release|Any CPU
		{798D9160-5CAA-453A-94BA-99186169DA75}.Debug|Any CPU.ActiveCfg = Debug|Any CPU
		{798D9160-5CAA-453A-94BA-99186169DA75}.Debug|Any CPU.Build.0 = Debug|Any CPU
		{798D9160-5CAA-453A-94BA-99186169DA75}.Release|Any CPU.ActiveCfg = Debug|Any CPU
		{798D9160-5CAA-453A-94BA-99186169DA75}.Release|Any CPU.Build.0 = Debug|Any CPU
		{7FA86C0D-EDB4-4926-B0B3-1A0D3C7008C6}.Debug|Any CPU.ActiveCfg = Debug|Any CPU
		{7FA86C0D-EDB4-4926-B0B3-1A0D3C7008C6}.Debug|Any CPU.Build.0 = Debug|Any CPU
		{7FA86C0D-EDB4-4926-B0B3-1A0D3C7008C6}.Release|Any CPU.ActiveCfg = Release|Any CPU
		{7FA86C0D-EDB4-4926-B0B3-1A0D3C7008C6}.Release|Any CPU.Build.0 = Release|Any CPU
		{84EEC471-6141-461A-A1A8-DD57343A2C56}.Debug|Any CPU.ActiveCfg = Debug|Any CPU
		{84EEC471-6141-461A-A1A8-DD57343A2C56}.Debug|Any CPU.Build.0 = Debug|Any CPU
		{84EEC471-6141-461A-A1A8-DD57343A2C56}.Release|Any CPU.ActiveCfg = Release|Any CPU
		{84EEC471-6141-461A-A1A8-DD57343A2C56}.Release|Any CPU.Build.0 = Release|Any CPU
		{C45AE222-2E8F-4D7F-9E56-27EC54A8E233}.Debug|Any CPU.ActiveCfg = Debug|Any CPU
		{C45AE222-2E8F-4D7F-9E56-27EC54A8E233}.Debug|Any CPU.Build.0 = Debug|Any CPU
		{C45AE222-2E8F-4D7F-9E56-27EC54A8E233}.Release|Any CPU.ActiveCfg = Release|Any CPU
		{C45AE222-2E8F-4D7F-9E56-27EC54A8E233}.Release|Any CPU.Build.0 = Release|Any CPU
		{F2D3A60E-968C-477F-83A6-50BB21366F7A}.Debug|Any CPU.ActiveCfg = Debug|Any CPU
		{F2D3A60E-968C-477F-83A6-50BB21366F7A}.Debug|Any CPU.Build.0 = Debug|Any CPU
		{F2D3A60E-968C-477F-83A6-50BB21366F7A}.Release|Any CPU.ActiveCfg = Release|Any CPU
		{F2D3A60E-968C-477F-83A6-50BB21366F7A}.Release|Any CPU.Build.0 = Release|Any CPU
	EndGlobalSection
	GlobalSection(SolutionProperties) = preSolution
		HideSolutionNode = FALSE
	EndGlobalSection
	GlobalSection(NestedProjects) = preSolution
		{05B9F0C9-290D-4B53-A9A8-B019DA8F52E6} = {AA6C13E1-48A0-42F1-942F-0CE841010293}
		{3163BBDB-0D46-4598-BC45-AF45871E0DE0} = {6E847E97-5F3E-45BF-8090-C8E2FBE6BB0E}
		{383EB4DB-9973-4931-8017-A439FB8F126D} = {38398AD9-651C-45F1-954A-F7E898CA65B8}
		{392073F1-6DB8-4778-9225-D60735C249AA} = {CEBFF646-7838-40C1-9592-4D4E14B840CD}
		{47CCFE55-0F75-4103-B535-86049EAD23B3} = {1456D281-F6C5-419E-AA86-3A8DDE2959F2}
		{62BE9AF6-7341-4742-BD6C-24E1B8A12444} = {1456D281-F6C5-419E-AA86-3A8DDE2959F2}
		{798D9160-5CAA-453A-94BA-99186169DA75} = {38398AD9-651C-45F1-954A-F7E898CA65B8}
		{7FA86C0D-EDB4-4926-B0B3-1A0D3C7008C6} = {6E847E97-5F3E-45BF-8090-C8E2FBE6BB0E}
		{84EEC471-6141-461A-A1A8-DD57343A2C56} = {AA6C13E1-48A0-42F1-942F-0CE841010293}
		{AA6C13E1-48A0-42F1-942F-0CE841010293} = {1456D281-F6C5-419E-AA86-3A8DDE2959F2}
		{B9D29E6E-D3FA-4F10-B286-813E71F91F4B} = {6E847E97-5F3E-45BF-8090-C8E2FBE6BB0E}
		{C45AE222-2E8F-4D7F-9E56-27EC54A8E233} = {9739E455-9268-4CD8-8A48-4598E90D2E08}
		{CEBFF646-7838-40C1-9592-4D4E14B840CD} = {6E847E97-5F3E-45BF-8090-C8E2FBE6BB0E}
		{F2D3A60E-968C-477F-83A6-50BB21366F7A} = {1CDF1621-D387-472A-993F-A798A5FE1FBC}
	EndGlobalSection
EndGlobal