
Microsoft Visual Studio Solution File, Format Version 12.00
# Visual Studio 2013
VisualStudioVersion = 12.0.40629.0
MinimumVisualStudioVersion = 10.0.40219.1
Project("{FAE04EC0-301F-11D3-BF4B-00C04F79EFBC}") = "AjaxControlToolkit", "AjaxControlToolkit\AjaxControlToolkit.csproj", "{676B3449-93F7-4102-8DF0-FB51911675D6}"
	ProjectSection(ProjectDependencies) = postProject
		{F1C801FB-5232-4355-BD08-2BADF2C94818} = {F1C801FB-5232-4355-BD08-2BADF2C94818}
	EndProjectSection
EndProject
Project("{2150E333-8FDC-42A3-9474-1A3956D46DE8}") = "Solution Items", "Solution Items", "{F7861071-5C79-4824-AF48-EBDD553F1D13}"
	ProjectSection(SolutionItems) = preProject
		AjaxKey.snk = AjaxKey.snk
		LICENSE.txt = LICENSE.txt
		WE-settings.xml = WE-settings.xml
		WebEssentials-Settings.json = WebEssentials-Settings.json
	EndProjectSection
EndProject
Project("{FAE04EC0-301F-11D3-BF4B-00C04F79EFBC}") = "AjaxControlToolkit.Tests", "AjaxControlToolkit.Tests\AjaxControlToolkit.Tests.csproj", "{6B8ADD9E-818C-407D-BE71-3DC78D3D46EE}"
EndProject
Project("{E24C65DC-7377-472B-9ABA-BC803B73C61A}") = "AjaxControlToolkit.SampleSite", "http://localhost:49290", "{5B8E3F7D-A045-46D2-9EA0-D5AEC3152504}"
	ProjectSection(WebsiteProperties) = preProject
		UseIISExpress = "true"
		TargetFrameworkMoniker = ".NETFramework,Version%3Dv4.0"
		ProjectReferences = "{676b3449-93f7-4102-8df0-fb51911675d6}|AjaxControlToolkit.dll;{4f19469b-3352-4d93-89e2-4b79fd7086a6}|AjaxControlToolkit.HtmlEditor.Sanitizer.dll;{820694df-c225-46b6-ba38-c5fefbd79aeb}|AjaxControlToolkit.StaticResources.dll;"
		Debug.AspNetCompiler.VirtualPath = "/AjaxControlToolkit.SampleSite"
		Debug.AspNetCompiler.PhysicalPath = "AjaxControlToolkit.SampleSite\"
		Debug.AspNetCompiler.TargetPath = "PrecompiledWeb\AjaxControlToolkit.SampleSite\"
		Debug.AspNetCompiler.Updateable = "true"
		Debug.AspNetCompiler.ForceOverwrite = "true"
		Debug.AspNetCompiler.FixedNames = "false"
		Debug.AspNetCompiler.Debug = "True"
		Release.AspNetCompiler.VirtualPath = "/AjaxControlToolkit.SampleSite"
		Release.AspNetCompiler.PhysicalPath = "AjaxControlToolkit.SampleSite\"
		Release.AspNetCompiler.TargetPath = "PrecompiledWeb\AjaxControlToolkit.SampleSite\"
		Release.AspNetCompiler.Updateable = "true"
		Release.AspNetCompiler.ForceOverwrite = "true"
		Release.AspNetCompiler.FixedNames = "false"
		Release.AspNetCompiler.Debug = "False"
		SlnRelativePath = "AjaxControlToolkit.SampleSite\"
	EndProjectSection
EndProject
Project("{FAE04EC0-301F-11D3-BF4B-00C04F79EFBC}") = "AjaxControlToolkit.HtmlEditor.Sanitizer", "AjaxControlToolkit.HtmlEditor.Sanitizer\AjaxControlToolkit.HtmlEditor.Sanitizer.csproj", "{4F19469B-3352-4D93-89E2-4B79FD7086A6}"
EndProject
Project("{FAE04EC0-301F-11D3-BF4B-00C04F79EFBC}") = "AjaxControlToolkit.StaticResources", "AjaxControlToolkit.StaticResources\AjaxControlToolkit.StaticResources.csproj", "{820694DF-C225-46B6-BA38-C5FEFBD79AEB}"
EndProject
Project("{FAE04EC0-301F-11D3-BF4B-00C04F79EFBC}") = "AjaxControlToolkit.LinkStaticResources", "AjaxControlToolkit.LinkStaticResources\AjaxControlToolkit.LinkStaticResources.csproj", "{F1C801FB-5232-4355-BD08-2BADF2C94818}"
EndProject
Project("{FAE04EC0-301F-11D3-BF4B-00C04F79EFBC}") = "AjaxControlToolkit.CdnBundleBuilder", "AjaxControlToolkit.CdnBundleBuilder\AjaxControlToolkit.CdnBundleBuilder.csproj", "{C6EE3B82-A099-426E-A7FD-2990E532F840}"
EndProject
Project("{FAE04EC0-301F-11D3-BF4B-00C04F79EFBC}") = "AjaxControlToolkit.Jasmine", "AjaxControlToolkit.Jasmine\AjaxControlToolkit.Jasmine.csproj", "{EE3C80EA-AF91-41CF-9CFB-33E2EC7CC50D}"
EndProject
Project("{FAE04EC0-301F-11D3-BF4B-00C04F79EFBC}") = "AjaxControlToolkit.Reference", "AjaxControlToolkit.Reference\AjaxControlToolkit.Reference.csproj", "{F59259DF-E8B8-483C-8019-67A9C78BB6EC}"
EndProject
Project("{FAE04EC0-301F-11D3-BF4B-00C04F79EFBC}") = "AjaxControlToolkit.ReferenceCore", "ReferenceCore\AjaxControlToolkit.ReferenceCore.csproj", "{E55F6C8F-46E6-49A7-8B25-7C779BC7682B}"
EndProject
Project("{FAE04EC0-301F-11D3-BF4B-00C04F79EFBC}") = "AjaxControlToolkit.WikiReferenceUpdater", "AjaxControlToolkit.WikiReferenceUpdater\AjaxControlToolkit.WikiReferenceUpdater.csproj", "{907D2321-2D67-43FB-8276-2B7FF37F301E}"
EndProject
Global
	GlobalSection(SolutionConfigurationPlatforms) = preSolution
		Debug|Any CPU = Debug|Any CPU
		Release|Any CPU = Release|Any CPU
	EndGlobalSection
	GlobalSection(ProjectConfigurationPlatforms) = postSolution
		{676B3449-93F7-4102-8DF0-FB51911675D6}.Debug|Any CPU.ActiveCfg = Debug|Any CPU
		{676B3449-93F7-4102-8DF0-FB51911675D6}.Debug|Any CPU.Build.0 = Debug|Any CPU
		{676B3449-93F7-4102-8DF0-FB51911675D6}.Release|Any CPU.ActiveCfg = Release|Any CPU
		{676B3449-93F7-4102-8DF0-FB51911675D6}.Release|Any CPU.Build.0 = Release|Any CPU
		{6B8ADD9E-818C-407D-BE71-3DC78D3D46EE}.Debug|Any CPU.ActiveCfg = Debug|Any CPU
		{6B8ADD9E-818C-407D-BE71-3DC78D3D46EE}.Debug|Any CPU.Build.0 = Debug|Any CPU
		{6B8ADD9E-818C-407D-BE71-3DC78D3D46EE}.Release|Any CPU.ActiveCfg = Release|Any CPU
		{6B8ADD9E-818C-407D-BE71-3DC78D3D46EE}.Release|Any CPU.Build.0 = Release|Any CPU
		{5B8E3F7D-A045-46D2-9EA0-D5AEC3152504}.Debug|Any CPU.ActiveCfg = Debug|Any CPU
		{5B8E3F7D-A045-46D2-9EA0-D5AEC3152504}.Release|Any CPU.ActiveCfg = Debug|Any CPU
		{4F19469B-3352-4D93-89E2-4B79FD7086A6}.Debug|Any CPU.ActiveCfg = Debug|Any CPU
		{4F19469B-3352-4D93-89E2-4B79FD7086A6}.Debug|Any CPU.Build.0 = Debug|Any CPU
		{4F19469B-3352-4D93-89E2-4B79FD7086A6}.Release|Any CPU.ActiveCfg = Release|Any CPU
		{4F19469B-3352-4D93-89E2-4B79FD7086A6}.Release|Any CPU.Build.0 = Release|Any CPU
		{820694DF-C225-46B6-BA38-C5FEFBD79AEB}.Debug|Any CPU.ActiveCfg = Debug|Any CPU
		{820694DF-C225-46B6-BA38-C5FEFBD79AEB}.Debug|Any CPU.Build.0 = Debug|Any CPU
		{820694DF-C225-46B6-BA38-C5FEFBD79AEB}.Release|Any CPU.ActiveCfg = Release|Any CPU
		{820694DF-C225-46B6-BA38-C5FEFBD79AEB}.Release|Any CPU.Build.0 = Release|Any CPU
		{F1C801FB-5232-4355-BD08-2BADF2C94818}.Debug|Any CPU.ActiveCfg = Debug|Any CPU
		{F1C801FB-5232-4355-BD08-2BADF2C94818}.Debug|Any CPU.Build.0 = Debug|Any CPU
		{F1C801FB-5232-4355-BD08-2BADF2C94818}.Release|Any CPU.ActiveCfg = Release|Any CPU
		{F1C801FB-5232-4355-BD08-2BADF2C94818}.Release|Any CPU.Build.0 = Release|Any CPU
		{C6EE3B82-A099-426E-A7FD-2990E532F840}.Debug|Any CPU.ActiveCfg = Debug|Any CPU
		{C6EE3B82-A099-426E-A7FD-2990E532F840}.Debug|Any CPU.Build.0 = Debug|Any CPU
		{C6EE3B82-A099-426E-A7FD-2990E532F840}.Release|Any CPU.ActiveCfg = Release|Any CPU
		{C6EE3B82-A099-426E-A7FD-2990E532F840}.Release|Any CPU.Build.0 = Release|Any CPU
		{EE3C80EA-AF91-41CF-9CFB-33E2EC7CC50D}.Debug|Any CPU.ActiveCfg = Debug|Any CPU
		{EE3C80EA-AF91-41CF-9CFB-33E2EC7CC50D}.Debug|Any CPU.Build.0 = Debug|Any CPU
		{EE3C80EA-AF91-41CF-9CFB-33E2EC7CC50D}.Release|Any CPU.ActiveCfg = Release|Any CPU
		{EE3C80EA-AF91-41CF-9CFB-33E2EC7CC50D}.Release|Any CPU.Build.0 = Release|Any CPU
		{F59259DF-E8B8-483C-8019-67A9C78BB6EC}.Debug|Any CPU.ActiveCfg = Debug|Any CPU
		{F59259DF-E8B8-483C-8019-67A9C78BB6EC}.Debug|Any CPU.Build.0 = Debug|Any CPU
		{F59259DF-E8B8-483C-8019-67A9C78BB6EC}.Release|Any CPU.ActiveCfg = Release|Any CPU
		{F59259DF-E8B8-483C-8019-67A9C78BB6EC}.Release|Any CPU.Build.0 = Release|Any CPU
		{E55F6C8F-46E6-49A7-8B25-7C779BC7682B}.Debug|Any CPU.ActiveCfg = Debug|Any CPU
		{E55F6C8F-46E6-49A7-8B25-7C779BC7682B}.Debug|Any CPU.Build.0 = Debug|Any CPU
		{E55F6C8F-46E6-49A7-8B25-7C779BC7682B}.Release|Any CPU.ActiveCfg = Release|Any CPU
		{E55F6C8F-46E6-49A7-8B25-7C779BC7682B}.Release|Any CPU.Build.0 = Release|Any CPU
		{907D2321-2D67-43FB-8276-2B7FF37F301E}.Debug|Any CPU.ActiveCfg = Debug|Any CPU
		{907D2321-2D67-43FB-8276-2B7FF37F301E}.Debug|Any CPU.Build.0 = Debug|Any CPU
		{907D2321-2D67-43FB-8276-2B7FF37F301E}.Release|Any CPU.ActiveCfg = Release|Any CPU
		{907D2321-2D67-43FB-8276-2B7FF37F301E}.Release|Any CPU.Build.0 = Release|Any CPU
	EndGlobalSection
	GlobalSection(SolutionProperties) = preSolution
		HideSolutionNode = FALSE
	EndGlobalSection
EndGlobal
