
Microsoft Visual Studio Solution File, Format Version 12.00
# Visual Studio 2012
Project("{FAE04EC0-301F-11D3-BF4B-00C04F79EFBC}") = "AjaxControlToolkit", "AjaxControlToolkit\AjaxControlToolkit.csproj", "{676B3449-93F7-4102-8DF0-FB51911675D6}"
EndProject
Project("{2150E333-8FDC-42A3-9474-1A3956D46DE8}") = "Solution Items", "Solution Items", "{F7861071-5C79-4824-AF48-EBDD553F1D13}"
	ProjectSection(SolutionItems) = preProject
		WE-settings.xml = WE-settings.xml
	EndProjectSection
EndProject
Project("{FAE04EC0-301F-11D3-BF4B-00C04F79EFBC}") = "AjaxControlToolkit.Tests", "AjaxControlToolkit.Tests\AjaxControlToolkit.Tests.csproj", "{6B8ADD9E-818C-407D-BE71-3DC78D3D46EE}"
EndProject
Project("{E24C65DC-7377-472B-9ABA-BC803B73C61A}") = "AjaxControlToolkit.SampleSite", "http://localhost:49290", "{5B8E3F7D-A045-46D2-9EA0-D5AEC3152504}"
	ProjectSection(WebsiteProperties) = preProject
		UseIISExpress = "true"
		TargetFrameworkMoniker = ".NETFramework,Version%3Dv4.0"
		ProjectReferences = "{676b3449-93f7-4102-8df0-fb51911675d6}|AjaxControlToolkit.dll;"
		Debug.AspNetCompiler.VirtualPath = "/AjaxControlToolkit.SampleSite"
		Debug.AspNetCompiler.PhysicalPath = "AjaxControlToolkit.SampleSite\"
		Debug.AspNetCompiler.TargetPath = "PrecompiledWeb\AjaxControlToolkit.SampleSite\"
		Debug.AspNetCompiler.Updateable = "true"
		Debug.AspNetCompiler.ForceOverwrite = "true"
		Debug.AspNetCompiler.FixedNames = "false"
		Debug.AspNetCompiler.Debug = "True"
		Release.AspNetCompiler.VirtualPath = "/AjaxControlToolkit.SampleSite"
		Release.AspNetCompiler.PhysicalPath = "AjaxControlToolkit.SampleSite\"
		Release.AspNetCompiler.TargetPath = "PrecompiledWeb\AjaxControlToolkit.SampleSite\"
		Release.AspNetCompiler.Updateable = "true"
		Release.AspNetCompiler.ForceOverwrite = "true"
		Release.AspNetCompiler.FixedNames = "false"
		Release.AspNetCompiler.Debug = "False"
		SlnRelativePath = "AjaxControlToolkit.SampleSite\"
	EndProjectSection
EndProject
Global
	GlobalSection(SolutionConfigurationPlatforms) = preSolution
		Debug|Any CPU = Debug|Any CPU
		Release|Any CPU = Release|Any CPU
	EndGlobalSection
	GlobalSection(ProjectConfigurationPlatforms) = postSolution
		{676B3449-93F7-4102-8DF0-FB51911675D6}.Debug|Any CPU.ActiveCfg = Debug|Any CPU
		{676B3449-93F7-4102-8DF0-FB51911675D6}.Debug|Any CPU.Build.0 = Debug|Any CPU
		{676B3449-93F7-4102-8DF0-FB51911675D6}.Release|Any CPU.ActiveCfg = Release|Any CPU
		{676B3449-93F7-4102-8DF0-FB51911675D6}.Release|Any CPU.Build.0 = Release|Any CPU
		{6B8ADD9E-818C-407D-BE71-3DC78D3D46EE}.Debug|Any CPU.ActiveCfg = Debug|Any CPU
		{6B8ADD9E-818C-407D-BE71-3DC78D3D46EE}.Debug|Any CPU.Build.0 = Debug|Any CPU
		{6B8ADD9E-818C-407D-BE71-3DC78D3D46EE}.Release|Any CPU.ActiveCfg = Release|Any CPU
		{6B8ADD9E-818C-407D-BE71-3DC78D3D46EE}.Release|Any CPU.Build.0 = Release|Any CPU
		{5B8E3F7D-A045-46D2-9EA0-D5AEC3152504}.Debug|Any CPU.ActiveCfg = Debug|Any CPU
		{5B8E3F7D-A045-46D2-9EA0-D5AEC3152504}.Release|Any CPU.ActiveCfg = Debug|Any CPU
		{5B8E3F7D-A045-46D2-9EA0-D5AEC3152504}.Release|Any CPU.Build.0 = Debug|Any CPU
	EndGlobalSection
	GlobalSection(SolutionProperties) = preSolution
		HideSolutionNode = FALSE
	EndGlobalSection
EndGlobal
