
Microsoft Visual Studio Solution File, Format Version 12.00
# Visual Studio 2012
Project("{FAE04EC0-301F-11D3-BF4B-00C04F79EFBC}") = "CopyStaticFiles", "CopyStaticFiles.csproj", "{F1C801FB-5232-4355-BD08-2BADF2C94818}"
EndProject
Global
	GlobalSection(SolutionConfigurationPlatforms) = preSolution
		Debug|Any CPU = Debug|Any CPU
		Release|Any CPU = Release|Any CPU
	EndGlobalSection
	GlobalSection(ProjectConfigurationPlatforms) = postSolution
		{F1C801FB-5232-4355-BD08-2BADF2C94818}.Debug|Any CPU.ActiveCfg = Debug|Any CPU
		{F1C801FB-5232-4355-BD08-2BADF2C94818}.Debug|Any CPU.Build.0 = Debug|Any CPU
		{F1C801FB-5232-4355-BD08-2BADF2C94818}.Release|Any CPU.ActiveCfg = Release|Any CPU
		{F1C801FB-5232-4355-BD08-2BADF2C94818}.Release|Any CPU.Build.0 = Release|Any CPU
	EndGlobalSection
	GlobalSection(SolutionProperties) = preSolution
		HideSolutionNode = FALSE
	EndGlobalSection
EndGlobal
